
Microsoft Visual Studio Solution File, Format Version 12.00
# Visual Studio Version 17
VisualStudioVersion = 17.9.34622.214
MinimumVisualStudioVersion = 10.0.40219.1
Project("{9A19103F-16F7-4668-BE54-9A1E7A4F7556}") = "Summit Interview", "Summit Interview\Summit Interview.csproj", "{05B40D88-ED76-4FEF-A55F-E47B25F8E793}"
EndProject
Project("{9A19103F-16F7-4668-BE54-9A1E7A4F7556}") = "BLL", "BLL\BLL.csproj", "{0840D58B-F85C-4D0F-9E09-522F87AEB09F}"
EndProject
Project("{9A19103F-16F7-4668-BE54-9A1E7A4F7556}") = "DAL", "DAL\DAL.csproj", "{54DF98BB-F496-4FEB-BFCC-5BC0FFBEE7C4}"
EndProject
Project("{9A19103F-16F7-4668-BE54-9A1E7A4F7556}") = "Models", "Models\Models.csproj", "{850ECBF3-D1BB-494F-9F4C-6722C10D1510}"
EndProject
Project("{FAE04EC0-301F-11D3-BF4B-00C04F79EFBC}") = "Utility", "Utility\Utility.csproj", "{95594741-4B01-44D3-A774-0F20DCE3ABD7}"
EndProject
Global
	GlobalSection(SolutionConfigurationPlatforms) = preSolution
		Debug|Any CPU = Debug|Any CPU
		Release|Any CPU = Release|Any CPU
	EndGlobalSection
	GlobalSection(ProjectConfigurationPlatforms) = postSolution
		{05B40D88-ED76-4FEF-A55F-E47B25F8E793}.Debug|Any CPU.ActiveCfg = Debug|Any CPU
		{05B40D88-ED76-4FEF-A55F-E47B25F8E793}.Debug|Any CPU.Build.0 = Debug|Any CPU
		{05B40D88-ED76-4FEF-A55F-E47B25F8E793}.Release|Any CPU.ActiveCfg = Release|Any CPU
		{05B40D88-ED76-4FEF-A55F-E47B25F8E793}.Release|Any CPU.Build.0 = Release|Any CPU
		{0840D58B-F85C-4D0F-9E09-522F87AEB09F}.Debug|Any CPU.ActiveCfg = Debug|Any CPU
		{0840D58B-F85C-4D0F-9E09-522F87AEB09F}.Debug|Any CPU.Build.0 = Debug|Any CPU
		{0840D58B-F85C-4D0F-9E09-522F87AEB09F}.Release|Any CPU.ActiveCfg = Release|Any CPU
		{0840D58B-F85C-4D0F-9E09-522F87AEB09F}.Release|Any CPU.Build.0 = Release|Any CPU
		{54DF98BB-F496-4FEB-BFCC-5BC0FFBEE7C4}.Debug|Any CPU.ActiveCfg = Debug|Any CPU
		{54DF98BB-F496-4FEB-BFCC-5BC0FFBEE7C4}.Debug|Any CPU.Build.0 = Debug|Any CPU
		{54DF98BB-F496-4FEB-BFCC-5BC0FFBEE7C4}.Release|Any CPU.ActiveCfg = Release|Any CPU
		{54DF98BB-F496-4FEB-BFCC-5BC0FFBEE7C4}.Release|Any CPU.Build.0 = Release|Any CPU
		{850ECBF3-D1BB-494F-9F4C-6722C10D1510}.Debug|Any CPU.ActiveCfg = Debug|Any CPU
		{850ECBF3-D1BB-494F-9F4C-6722C10D1510}.Debug|Any CPU.Build.0 = Debug|Any CPU
		{850ECBF3-D1BB-494F-9F4C-6722C10D1510}.Release|Any CPU.ActiveCfg = Release|Any CPU
		{850ECBF3-D1BB-494F-9F4C-6722C10D1510}.Release|Any CPU.Build.0 = Release|Any CPU
		{95594741-4B01-44D3-A774-0F20DCE3ABD7}.Debug|Any CPU.ActiveCfg = Debug|Any CPU
		{95594741-4B01-44D3-A774-0F20DCE3ABD7}.Debug|Any CPU.Build.0 = Debug|Any CPU
		{95594741-4B01-44D3-A774-0F20DCE3ABD7}.Release|Any CPU.ActiveCfg = Release|Any CPU
		{95594741-4B01-44D3-A774-0F20DCE3ABD7}.Release|Any CPU.Build.0 = Release|Any CPU
	EndGlobalSection
	GlobalSection(SolutionProperties) = preSolution
		HideSolutionNode = FALSE
	EndGlobalSection
	GlobalSection(ExtensibilityGlobals) = postSolution
		SolutionGuid = {2689CC90-FA7E-4021-AEF6-03EA79307C32}
	EndGlobalSection
EndGlobal
